
Microsoft Visual Studio Solution File, Format Version 12.00
# Visual Studio Version 17
VisualStudioVersion = 17.5.33424.131
MinimumVisualStudioVersion = 10.0.40219.1
Project("{FAE04EC0-301F-11D3-BF4B-00C04F79EFBC}") = "FitApp.UWP", "FitApp\FitApp.UWP\FitApp.UWP.csproj", "{22D8FCAE-2532-426A-8BF9-43A58DE8A053}"
EndProject
Project("{FAE04EC0-301F-11D3-BF4B-00C04F79EFBC}") = "FitApp.Android", "FitApp\FitApp.Android\FitApp.Android.csproj", "{B724936A-EC9B-46B1-ABB4-D9BD90D4FAD4}"
EndProject
Project("{FAE04EC0-301F-11D3-BF4B-00C04F79EFBC}") = "FitApp.iOS", "FitApp\FitApp.iOS\FitApp.iOS.csproj", "{509D1248-425F-4797-B4DC-ABE3125EA800}"
EndProject
Project("{FAE04EC0-301F-11D3-BF4B-00C04F79EFBC}") = "FitApp.Api", "FitApp.Api\FitApp.Api.csproj", "{6B9C2459-88F1-4AB8-B30D-08AC96B7EECC}"
EndProject
Global
	GlobalSection(SolutionConfigurationPlatforms) = preSolution
		Debug|Any CPU = Debug|Any CPU
		Debug|ARM = Debug|ARM
		Debug|iPhone = Debug|iPhone
		Debug|iPhoneSimulator = Debug|iPhoneSimulator
		Debug|x64 = Debug|x64
		Debug|x86 = Debug|x86
		Release|Any CPU = Release|Any CPU
		Release|ARM = Release|ARM
		Release|iPhone = Release|iPhone
		Release|iPhoneSimulator = Release|iPhoneSimulator
		Release|x64 = Release|x64
		Release|x86 = Release|x86
	EndGlobalSection
	GlobalSection(ProjectConfigurationPlatforms) = postSolution
		{22D8FCAE-2532-426A-8BF9-43A58DE8A053}.Debug|Any CPU.ActiveCfg = Debug|x64
		{22D8FCAE-2532-426A-8BF9-43A58DE8A053}.Debug|Any CPU.Build.0 = Debug|x64
		{22D8FCAE-2532-426A-8BF9-43A58DE8A053}.Debug|Any CPU.Deploy.0 = Debug|x64
		{22D8FCAE-2532-426A-8BF9-43A58DE8A053}.Debug|ARM.ActiveCfg = Debug|ARM
		{22D8FCAE-2532-426A-8BF9-43A58DE8A053}.Debug|ARM.Build.0 = Debug|ARM
		{22D8FCAE-2532-426A-8BF9-43A58DE8A053}.Debug|ARM.Deploy.0 = Debug|ARM
		{22D8FCAE-2532-426A-8BF9-43A58DE8A053}.Debug|iPhone.ActiveCfg = Debug|x64
		{22D8FCAE-2532-426A-8BF9-43A58DE8A053}.Debug|iPhone.Build.0 = Debug|x64
		{22D8FCAE-2532-426A-8BF9-43A58DE8A053}.Debug|iPhone.Deploy.0 = Debug|x64
		{22D8FCAE-2532-426A-8BF9-43A58DE8A053}.Debug|iPhoneSimulator.ActiveCfg = Debug|x64
		{22D8FCAE-2532-426A-8BF9-43A58DE8A053}.Debug|iPhoneSimulator.Build.0 = Debug|x64
		{22D8FCAE-2532-426A-8BF9-43A58DE8A053}.Debug|iPhoneSimulator.Deploy.0 = Debug|x64
		{22D8FCAE-2532-426A-8BF9-43A58DE8A053}.Debug|x64.ActiveCfg = Debug|x64
		{22D8FCAE-2532-426A-8BF9-43A58DE8A053}.Debug|x64.Build.0 = Debug|x64
		{22D8FCAE-2532-426A-8BF9-43A58DE8A053}.Debug|x64.Deploy.0 = Debug|x64
		{22D8FCAE-2532-426A-8BF9-43A58DE8A053}.Debug|x86.ActiveCfg = Debug|x86
		{22D8FCAE-2532-426A-8BF9-43A58DE8A053}.Debug|x86.Build.0 = Debug|x86
		{22D8FCAE-2532-426A-8BF9-43A58DE8A053}.Debug|x86.Deploy.0 = Debug|x86
		{22D8FCAE-2532-426A-8BF9-43A58DE8A053}.Release|Any CPU.ActiveCfg = Release|x64
		{22D8FCAE-2532-426A-8BF9-43A58DE8A053}.Release|Any CPU.Build.0 = Release|x64
		{22D8FCAE-2532-426A-8BF9-43A58DE8A053}.Release|Any CPU.Deploy.0 = Release|x64
		{22D8FCAE-2532-426A-8BF9-43A58DE8A053}.Release|ARM.ActiveCfg = Release|ARM
		{22D8FCAE-2532-426A-8BF9-43A58DE8A053}.Release|ARM.Build.0 = Release|ARM
		{22D8FCAE-2532-426A-8BF9-43A58DE8A053}.Release|ARM.Deploy.0 = Release|ARM
		{22D8FCAE-2532-426A-8BF9-43A58DE8A053}.Release|iPhone.ActiveCfg = Release|x64
		{22D8FCAE-2532-426A-8BF9-43A58DE8A053}.Release|iPhone.Build.0 = Release|x64
		{22D8FCAE-2532-426A-8BF9-43A58DE8A053}.Release|iPhone.Deploy.0 = Release|x64
		{22D8FCAE-2532-426A-8BF9-43A58DE8A053}.Release|iPhoneSimulator.ActiveCfg = Release|x64
		{22D8FCAE-2532-426A-8BF9-43A58DE8A053}.Release|iPhoneSimulator.Build.0 = Release|x64
		{22D8FCAE-2532-426A-8BF9-43A58DE8A053}.Release|iPhoneSimulator.Deploy.0 = Release|x64
		{22D8FCAE-2532-426A-8BF9-43A58DE8A053}.Release|x64.ActiveCfg = Release|x64
		{22D8FCAE-2532-426A-8BF9-43A58DE8A053}.Release|x64.Build.0 = Release|x64
		{22D8FCAE-2532-426A-8BF9-43A58DE8A053}.Release|x64.Deploy.0 = Release|x64
		{22D8FCAE-2532-426A-8BF9-43A58DE8A053}.Release|x86.ActiveCfg = Release|x86
		{22D8FCAE-2532-426A-8BF9-43A58DE8A053}.Release|x86.Build.0 = Release|x86
		{22D8FCAE-2532-426A-8BF9-43A58DE8A053}.Release|x86.Deploy.0 = Release|x86
		{B724936A-EC9B-46B1-ABB4-D9BD90D4FAD4}.Debug|Any CPU.ActiveCfg = Debug|Any CPU
		{B724936A-EC9B-46B1-ABB4-D9BD90D4FAD4}.Debug|Any CPU.Build.0 = Debug|Any CPU
		{B724936A-EC9B-46B1-ABB4-D9BD90D4FAD4}.Debug|Any CPU.Deploy.0 = Debug|Any CPU
		{B724936A-EC9B-46B1-ABB4-D9BD90D4FAD4}.Debug|ARM.ActiveCfg = Debug|Any CPU
		{B724936A-EC9B-46B1-ABB4-D9BD90D4FAD4}.Debug|ARM.Build.0 = Debug|Any CPU
		{B724936A-EC9B-46B1-ABB4-D9BD90D4FAD4}.Debug|ARM.Deploy.0 = Debug|Any CPU
		{B724936A-EC9B-46B1-ABB4-D9BD90D4FAD4}.Debug|iPhone.ActiveCfg = Debug|Any CPU
		{B724936A-EC9B-46B1-ABB4-D9BD90D4FAD4}.Debug|iPhone.Build.0 = Debug|Any CPU
		{B724936A-EC9B-46B1-ABB4-D9BD90D4FAD4}.Debug|iPhone.Deploy.0 = Debug|Any CPU
		{B724936A-EC9B-46B1-ABB4-D9BD90D4FAD4}.Debug|iPhoneSimulator.ActiveCfg = Debug|Any CPU
		{B724936A-EC9B-46B1-ABB4-D9BD90D4FAD4}.Debug|iPhoneSimulator.Build.0 = Debug|Any CPU
		{B724936A-EC9B-46B1-ABB4-D9BD90D4FAD4}.Debug|iPhoneSimulator.Deploy.0 = Debug|Any CPU
		{B724936A-EC9B-46B1-ABB4-D9BD90D4FAD4}.Debug|x64.ActiveCfg = Debug|Any CPU
		{B724936A-EC9B-46B1-ABB4-D9BD90D4FAD4}.Debug|x64.Build.0 = Debug|Any CPU
		{B724936A-EC9B-46B1-ABB4-D9BD90D4FAD4}.Debug|x64.Deploy.0 = Debug|Any CPU
		{B724936A-EC9B-46B1-ABB4-D9BD90D4FAD4}.Debug|x86.ActiveCfg = Debug|Any CPU
		{B724936A-EC9B-46B1-ABB4-D9BD90D4FAD4}.Debug|x86.Build.0 = Debug|Any CPU
		{B724936A-EC9B-46B1-ABB4-D9BD90D4FAD4}.Debug|x86.Deploy.0 = Debug|Any CPU
		{B724936A-EC9B-46B1-ABB4-D9BD90D4FAD4}.Release|Any CPU.ActiveCfg = Release|Any CPU
		{B724936A-EC9B-46B1-ABB4-D9BD90D4FAD4}.Release|Any CPU.Build.0 = Release|Any CPU
		{B724936A-EC9B-46B1-ABB4-D9BD90D4FAD4}.Release|Any CPU.Deploy.0 = Release|Any CPU
		{B724936A-EC9B-46B1-ABB4-D9BD90D4FAD4}.Release|ARM.ActiveCfg = Release|Any CPU
		{B724936A-EC9B-46B1-ABB4-D9BD90D4FAD4}.Release|ARM.Build.0 = Release|Any CPU
		{B724936A-EC9B-46B1-ABB4-D9BD90D4FAD4}.Release|ARM.Deploy.0 = Release|Any CPU
		{B724936A-EC9B-46B1-ABB4-D9BD90D4FAD4}.Release|iPhone.ActiveCfg = Release|Any CPU
		{B724936A-EC9B-46B1-ABB4-D9BD90D4FAD4}.Release|iPhone.Build.0 = Release|Any CPU
		{B724936A-EC9B-46B1-ABB4-D9BD90D4FAD4}.Release|iPhone.Deploy.0 = Release|Any CPU
		{B724936A-EC9B-46B1-ABB4-D9BD90D4FAD4}.Release|iPhoneSimulator.ActiveCfg = Release|Any CPU
		{B724936A-EC9B-46B1-ABB4-D9BD90D4FAD4}.Release|iPhoneSimulator.Build.0 = Release|Any CPU
		{B724936A-EC9B-46B1-ABB4-D9BD90D4FAD4}.Release|iPhoneSimulator.Deploy.0 = Release|Any CPU
		{B724936A-EC9B-46B1-ABB4-D9BD90D4FAD4}.Release|x64.ActiveCfg = Release|Any CPU
		{B724936A-EC9B-46B1-ABB4-D9BD90D4FAD4}.Release|x64.Build.0 = Release|Any CPU
		{B724936A-EC9B-46B1-ABB4-D9BD90D4FAD4}.Release|x64.Deploy.0 = Release|Any CPU
		{B724936A-EC9B-46B1-ABB4-D9BD90D4FAD4}.Release|x86.ActiveCfg = Release|Any CPU
		{B724936A-EC9B-46B1-ABB4-D9BD90D4FAD4}.Release|x86.Build.0 = Release|Any CPU
		{B724936A-EC9B-46B1-ABB4-D9BD90D4FAD4}.Release|x86.Deploy.0 = Release|Any CPU
		{509D1248-425F-4797-B4DC-ABE3125EA800}.Debug|Any CPU.ActiveCfg = Debug|iPhoneSimulator
		{509D1248-425F-4797-B4DC-ABE3125EA800}.Debug|Any CPU.Build.0 = Debug|iPhoneSimulator
		{509D1248-425F-4797-B4DC-ABE3125EA800}.Debug|Any CPU.Deploy.0 = Debug|iPhoneSimulator
		{509D1248-425F-4797-B4DC-ABE3125EA800}.Debug|ARM.ActiveCfg = Debug|iPhoneSimulator
		{509D1248-425F-4797-B4DC-ABE3125EA800}.Debug|ARM.Build.0 = Debug|iPhoneSimulator
		{509D1248-425F-4797-B4DC-ABE3125EA800}.Debug|ARM.Deploy.0 = Debug|iPhoneSimulator
		{509D1248-425F-4797-B4DC-ABE3125EA800}.Debug|iPhone.ActiveCfg = Debug|iPhone
		{509D1248-425F-4797-B4DC-ABE3125EA800}.Debug|iPhone.Build.0 = Debug|iPhone
		{509D1248-425F-4797-B4DC-ABE3125EA800}.Debug|iPhone.Deploy.0 = Debug|iPhone
		{509D1248-425F-4797-B4DC-ABE3125EA800}.Debug|iPhoneSimulator.ActiveCfg = Debug|iPhoneSimulator
		{509D1248-425F-4797-B4DC-ABE3125EA800}.Debug|iPhoneSimulator.Build.0 = Debug|iPhoneSimulator
		{509D1248-425F-4797-B4DC-ABE3125EA800}.Debug|iPhoneSimulator.Deploy.0 = Debug|iPhoneSimulator
		{509D1248-425F-4797-B4DC-ABE3125EA800}.Debug|x64.ActiveCfg = Debug|iPhone
		{509D1248-425F-4797-B4DC-ABE3125EA800}.Debug|x64.Build.0 = Debug|iPhone
		{509D1248-425F-4797-B4DC-ABE3125EA800}.Debug|x64.Deploy.0 = Debug|iPhone
		{509D1248-425F-4797-B4DC-ABE3125EA800}.Debug|x86.ActiveCfg = Debug|iPhoneSimulator
		{509D1248-425F-4797-B4DC-ABE3125EA800}.Debug|x86.Build.0 = Debug|iPhoneSimulator
		{509D1248-425F-4797-B4DC-ABE3125EA800}.Debug|x86.Deploy.0 = Debug|iPhoneSimulator
		{509D1248-425F-4797-B4DC-ABE3125EA800}.Release|Any CPU.ActiveCfg = Release|iPhoneSimulator
		{509D1248-425F-4797-B4DC-ABE3125EA800}.Release|Any CPU.Build.0 = Release|iPhoneSimulator
		{509D1248-425F-4797-B4DC-ABE3125EA800}.Release|Any CPU.Deploy.0 = Release|iPhoneSimulator
		{509D1248-425F-4797-B4DC-ABE3125EA800}.Release|ARM.ActiveCfg = Release|iPhoneSimulator
		{509D1248-425F-4797-B4DC-ABE3125EA800}.Release|ARM.Build.0 = Release|iPhoneSimulator
		{509D1248-425F-4797-B4DC-ABE3125EA800}.Release|ARM.Deploy.0 = Release|iPhoneSimulator
		{509D1248-425F-4797-B4DC-ABE3125EA800}.Release|iPhone.ActiveCfg = Release|iPhone
		{509D1248-425F-4797-B4DC-ABE3125EA800}.Release|iPhone.Build.0 = Release|iPhone
		{509D1248-425F-4797-B4DC-ABE3125EA800}.Release|iPhone.Deploy.0 = Release|iPhone
		{509D1248-425F-4797-B4DC-ABE3125EA800}.Release|iPhoneSimulator.ActiveCfg = Release|iPhoneSimulator
		{509D1248-425F-4797-B4DC-ABE3125EA800}.Release|iPhoneSimulator.Build.0 = Release|iPhoneSimulator
		{509D1248-425F-4797-B4DC-ABE3125EA800}.Release|iPhoneSimulator.Deploy.0 = Release|iPhoneSimulator
		{509D1248-425F-4797-B4DC-ABE3125EA800}.Release|x64.ActiveCfg = Release|iPhoneSimulator
		{509D1248-425F-4797-B4DC-ABE3125EA800}.Release|x64.Build.0 = Release|iPhoneSimulator
		{509D1248-425F-4797-B4DC-ABE3125EA800}.Release|x64.Deploy.0 = Release|iPhoneSimulator
		{509D1248-425F-4797-B4DC-ABE3125EA800}.Release|x86.ActiveCfg = Release|iPhoneSimulator
		{509D1248-425F-4797-B4DC-ABE3125EA800}.Release|x86.Build.0 = Release|iPhoneSimulator
		{509D1248-425F-4797-B4DC-ABE3125EA800}.Release|x86.Deploy.0 = Release|iPhoneSimulator
		{6B9C2459-88F1-4AB8-B30D-08AC96B7EECC}.Debug|Any CPU.ActiveCfg = Debug|Any CPU
		{6B9C2459-88F1-4AB8-B30D-08AC96B7EECC}.Debug|Any CPU.Build.0 = Debug|Any CPU
		{6B9C2459-88F1-4AB8-B30D-08AC96B7EECC}.Debug|ARM.ActiveCfg = Debug|Any CPU
		{6B9C2459-88F1-4AB8-B30D-08AC96B7EECC}.Debug|ARM.Build.0 = Debug|Any CPU
		{6B9C2459-88F1-4AB8-B30D-08AC96B7EECC}.Debug|iPhone.ActiveCfg = Debug|Any CPU
		{6B9C2459-88F1-4AB8-B30D-08AC96B7EECC}.Debug|iPhone.Build.0 = Debug|Any CPU
		{6B9C2459-88F1-4AB8-B30D-08AC96B7EECC}.Debug|iPhoneSimulator.ActiveCfg = Debug|Any CPU
		{6B9C2459-88F1-4AB8-B30D-08AC96B7EECC}.Debug|iPhoneSimulator.Build.0 = Debug|Any CPU
		{6B9C2459-88F1-4AB8-B30D-08AC96B7EECC}.Debug|x64.ActiveCfg = Debug|Any CPU
		{6B9C2459-88F1-4AB8-B30D-08AC96B7EECC}.Debug|x64.Build.0 = Debug|Any CPU
		{6B9C2459-88F1-4AB8-B30D-08AC96B7EECC}.Debug|x86.ActiveCfg = Debug|Any CPU
		{6B9C2459-88F1-4AB8-B30D-08AC96B7EECC}.Debug|x86.Build.0 = Debug|Any CPU
		{6B9C2459-88F1-4AB8-B30D-08AC96B7EECC}.Release|Any CPU.ActiveCfg = Release|Any CPU
		{6B9C2459-88F1-4AB8-B30D-08AC96B7EECC}.Release|Any CPU.Build.0 = Release|Any CPU
		{6B9C2459-88F1-4AB8-B30D-08AC96B7EECC}.Release|ARM.ActiveCfg = Release|Any CPU
		{6B9C2459-88F1-4AB8-B30D-08AC96B7EECC}.Release|ARM.Build.0 = Release|Any CPU
		{6B9C2459-88F1-4AB8-B30D-08AC96B7EECC}.Release|iPhone.ActiveCfg = Release|Any CPU
		{6B9C2459-88F1-4AB8-B30D-08AC96B7EECC}.Release|iPhone.Build.0 = Release|Any CPU
		{6B9C2459-88F1-4AB8-B30D-08AC96B7EECC}.Release|iPhoneSimulator.ActiveCfg = Release|Any CPU
		{6B9C2459-88F1-4AB8-B30D-08AC96B7EECC}.Release|iPhoneSimulator.Build.0 = Release|Any CPU
		{6B9C2459-88F1-4AB8-B30D-08AC96B7EECC}.Release|x64.ActiveCfg = Release|Any CPU
		{6B9C2459-88F1-4AB8-B30D-08AC96B7EECC}.Release|x64.Build.0 = Release|Any CPU
		{6B9C2459-88F1-4AB8-B30D-08AC96B7EECC}.Release|x86.ActiveCfg = Release|Any CPU
		{6B9C2459-88F1-4AB8-B30D-08AC96B7EECC}.Release|x86.Build.0 = Release|Any CPU
	EndGlobalSection
	GlobalSection(SolutionProperties) = preSolution
		HideSolutionNode = FALSE
	EndGlobalSection
	GlobalSection(ExtensibilityGlobals) = postSolution
		SolutionGuid = {13CBBF77-1957-4D06-A3A0-1A58388AAF4D}
	EndGlobalSection
EndGlobal
